PODS:
  - Alamofire (3.1.3)
  - AsyncSwift (1.6.4)
  - Cartography (0.6.0)
  - DTCoreText (1.6.16):
    - DTFoundation/Core (~> 1.7.5)
    - DTFoundation/DTAnimatedGIF (~> 1.7.5)
    - DTFoundation/DTHTMLParser (~> 1.7.5)
    - DTFoundation/UIKit (~> 1.7.5)
  - DTFoundation/Core (1.7.8)
  - DTFoundation/DTAnimatedGIF (1.7.8)
  - DTFoundation/DTHTMLParser (1.7.8):
    - DTFoundation/Core
  - DTFoundation/UIKit (1.7.8):
    - DTFoundation/Core
  - EZSwiftExtensions (0.8)
  - Ji (1.2.0):
    - Ji/Ji (= 1.2.0)
  - Ji/Ji (1.2.0):
    - Ji/Ji-libxml
  - Ji/Ji-libxml (1.2.0)
  - Kingfisher (1.8.2)
  - ObjectMapper (1.0.1)
  - SQLite.swift (1.0.0)
  - SwiftyJSON (2.3.1)
  - TTTAttributedLabel (1.13.4)
  - UITableView+FDTemplateLayoutCell (1.4.beta)
  - YYCategories (0.9.3):
    - YYCategories/no-arc (= 0.9.3)
  - YYCategories/no-arc (0.9.3)

DEPENDENCIES:
  - Alamofire (~> 3.1.3)
  - AsyncSwift (~> 1.4)
  - Cartography (~> 0.6.0)
  - DTCoreText (~> 1.6.16)
  - EZSwiftExtensions
  - Ji (~> 1.2.0)
  - Kingfisher (~> 1.8.2)
  - ObjectMapper (~> 1.0.1)
  - SQLite.swift (from `https://github.com/stephencelis/SQLite.swift.git`)
  - SwiftyJSON (~> 2.3.1)
  - TTTAttributedLabel (~> 1.13.4)
  - UITableView+FDTemplateLayoutCell (~> 1.4.beta)
  - YYCategories

EXTERNAL SOURCES:
  SQLite.swift:
    :git: https://github.com/stephencelis/SQLite.swift.git

CHECKOUT OPTIONS:
  SQLite.swift:
    :commit: da2d43422a72ae0e91356fccfde1959d43b97385
    :git: https://github.com/stephencelis/SQLite.swift.git

SPEC CHECKSUMS:
  Alamofire: 9f93b56389e48def9220dd57d1f44b1927229a5a
  AsyncSwift: 3c90beed237324f1b57e1f1c414dc5501985d208
  Cartography: 70af183a248547694a8cfaa6b989cb7e04589985
  DTCoreText: 934a16fe9ffdd169c96261721b39dc312b75713d
  DTFoundation: 46e2b2fafe78d67febfd8d1f85fe9845a093f00e
  EZSwiftExtensions: 0705ecb0922b2217276ff431571fcb202c61159f
  Ji: ddebb22f9ac445db6e884b66f78ea74fb135fdb7
  Kingfisher: b39315e9dbed7e8ffe73a9ca1be2ee006d1d57e4
  ObjectMapper: 98524bac0dca46c6b3d5ee02cd410fc700ec6ce2
  SQLite.swift: 3bb75f5a650f08673276bc6d3fb1de1b542b8f4d
  SwiftyJSON: 592b53bee5ef3dd9b3bebc6b9cb7ee35426ae8c3
  TTTAttributedLabel: 0a2ac7b2dd726d32a070dafb01446026b11e624f
  UITableView+FDTemplateLayoutCell: 9d20bf0518f3c01e42ae614243b97f1161063d27
  YYCategories: 44fa4213d3d0ebc7fc165f3b56e9f745e2ab8afb

COCOAPODS: 0.39.0
